
Microsoft Visual Studio Solution File, Format Version 12.00
# Visual Studio Version 17
VisualStudioVersion = 17.11.35219.272
MinimumVisualStudioVersion = 10.0.40219.1
Project("{FAE04EC0-301F-11D3-BF4B-00C04F79EFBC}") = "Projet Algo S2 Etape 1", "Projet Algo S2 Etape 1\Projet Algo S2 Etape 1.csproj", "{1596ABAC-1514-48ED-AE83-322254ACBD6A}"
EndProject
Global
	GlobalSection(SolutionConfigurationPlatforms) = preSolution
		Debug|Any CPU = Debug|Any CPU
		Release|Any CPU = Release|Any CPU
	EndGlobalSection
	GlobalSection(ProjectConfigurationPlatforms) = postSolution
		{1596ABAC-1514-48ED-AE83-322254ACBD6A}.Debug|Any CPU.ActiveCfg = Debug|Any CPU
		{1596ABAC-1514-48ED-AE83-322254ACBD6A}.Debug|Any CPU.Build.0 = Debug|Any CPU
		{1596ABAC-1514-48ED-AE83-322254ACBD6A}.Release|Any CPU.ActiveCfg = Release|Any CPU
		{1596ABAC-1514-48ED-AE83-322254ACBD6A}.Release|Any CPU.Build.0 = Release|Any CPU
	EndGlobalSection
	GlobalSection(SolutionProperties) = preSolution
		HideSolutionNode = FALSE
	EndGlobalSection
	GlobalSection(ExtensibilityGlobals) = postSolution
		SolutionGuid = {48D4B949-13F3-41E2-94BB-D802D200FE74}
	EndGlobalSection
EndGlobal
